
Microsoft Visual Studio Solution File, Format Version 12.00
# Visual Studio 2012
Project("{FAE04EC0-301F-11D3-BF4B-00C04F79EFBC}") = "modular_input_demo", "modular_input_demo.csproj", "{60047BA1-B29B-4603-9274-E86E6B303D5C}"
EndProject
Global
	GlobalSection(SolutionConfigurationPlatforms) = preSolution
		Debug|Any CPU = Debug|Any CPU
		Release|Any CPU = Release|Any CPU
	EndGlobalSection
	GlobalSection(ProjectConfigurationPlatforms) = postSolution
		{60047BA1-B29B-4603-9274-E86E6B303D5C}.Debug|Any CPU.ActiveCfg = Debug|Any CPU
		{60047BA1-B29B-4603-9274-E86E6B303D5C}.Debug|Any CPU.Build.0 = Debug|Any CPU
		{60047BA1-B29B-4603-9274-E86E6B303D5C}.Release|Any CPU.ActiveCfg = Release|Any CPU
		{60047BA1-B29B-4603-9274-E86E6B303D5C}.Release|Any CPU.Build.0 = Release|Any CPU
	EndGlobalSection
	GlobalSection(SolutionProperties) = preSolution
		HideSolutionNode = FALSE
	EndGlobalSection
EndGlobal
